
Microsoft Visual Studio Solution File, Format Version 12.00
# Visual Studio Version 16
VisualStudioVersion = 16.0.29613.14
MinimumVisualStudioVersion = 10.0.40219.1
Project("{FAE04EC0-301F-11D3-BF4B-00C04F79EFBC}") = "Rabbit.Details", "Rabbit.Details\Rabbit.Details.csproj", "{226E79B1-1C4F-418F-9055-E4470B002C62}"
EndProject
Global
	GlobalSection(SolutionConfigurationPlatforms) = preSolution
		Debug|Any CPU = Debug|Any CPU
		Release|Any CPU = Release|Any CPU
	EndGlobalSection
	GlobalSection(ProjectConfigurationPlatforms) = postSolution
		{226E79B1-1C4F-418F-9055-E4470B002C62}.Debug|Any CPU.ActiveCfg = Debug|Any CPU
		{226E79B1-1C4F-418F-9055-E4470B002C62}.Debug|Any CPU.Build.0 = Debug|Any CPU
		{226E79B1-1C4F-418F-9055-E4470B002C62}.Release|Any CPU.ActiveCfg = Release|Any CPU
		{226E79B1-1C4F-418F-9055-E4470B002C62}.Release|Any CPU.Build.0 = Release|Any CPU
	EndGlobalSection
	GlobalSection(SolutionProperties) = preSolution
		HideSolutionNode = FALSE
	EndGlobalSection
	GlobalSection(ExtensibilityGlobals) = postSolution
		SolutionGuid = {3961E7F3-A7DF-4DE8-A22A-978A43662631}
	EndGlobalSection
EndGlobal
